<Solution>
  <Project Path="Oculus.LipSync.csproj" />
  <Project Path="Unity.XR.Interaction.Toolkit.Samples.StarterAssets.csproj" />
  <Project Path="Assembly-CSharp.csproj" />
  <Project Path="Oculus.LipSync.Editor.csproj" />
  <Project Path="Unity.XR.Interaction.Toolkit.Samples.StarterAssets.Editor.csproj" />
</Solution>
